uuid: 8d7a670b-d45f-44dc-8cfc-2c185159152c
langcode: en
status: true
dependencies:
  config:
    - field.storage.node.field_news_paragraph_block
    - node.type.page
    - paragraphs.paragraphs_type.p00_container_home_sections
  module:
    - entity_reference_revisions
id: node.page.field_news_paragraph_block
field_name: field_news_paragraph_block
entity_type: node
bundle: page
label: 'News paragraph block'
description: ''
required: false
translatable: false
default_value: {  }
default_value_callback: ''
settings:
  handler: 'default:paragraph'
  handler_settings:
    negate: 0
    target_bundles:
      p00_container_home_sections: p00_container_home_sections
    target_bundles_drag_drop:
      p00_container_home_sections:
        enabled: true
        weight: 4
      p03_news:
        weight: 3
        enabled: false
field_type: entity_reference_revisions
